
Microsoft Visual Studio Solution File, Format Version 12.00
# Visual Studio Version 16
VisualStudioVersion = 25.0.1706.5
MinimumVisualStudioVersion = 10.0.40219.1
Project("{FAE04EC0-301F-11D3-BF4B-00C04F79EFBC}") = "CMSC425", "CMSC425.csproj", "{B78103D2-8B59-4E2B-904B-C3F0B19C40E0}"
EndProject
Global
	GlobalSection(SolutionConfigurationPlatforms) = preSolution
		Debug|Any CPU = Debug|Any CPU
		Release|Any CPU = Release|Any CPU
	EndGlobalSection
	GlobalSection(ProjectConfigurationPlatforms) = postSolution
		{B78103D2-8B59-4E2B-904B-C3F0B19C40E0}.Debug|Any CPU.ActiveCfg = Debug|Any CPU
		{B78103D2-8B59-4E2B-904B-C3F0B19C40E0}.Debug|Any CPU.Build.0 = Debug|Any CPU
		{B78103D2-8B59-4E2B-904B-C3F0B19C40E0}.Release|Any CPU.ActiveCfg = Release|Any CPU
		{B78103D2-8B59-4E2B-904B-C3F0B19C40E0}.Release|Any CPU.Build.0 = Release|Any CPU
	EndGlobalSection
	GlobalSection(SolutionProperties) = preSolution
		HideSolutionNode = FALSE
	EndGlobalSection
	GlobalSection(ExtensibilityGlobals) = postSolution
		SolutionGuid = {2727AEA9-1DF6-497E-8C7A-7CE8F042FE9B}
	EndGlobalSection
EndGlobal
